
Microsoft Visual Studio Solution File, Format Version 12.00
# Visual Studio Version 16
VisualStudioVersion = 16.0.32510.428
MinimumVisualStudioVersion = 10.0.40219.1
Project("{FAE04EC0-301F-11D3-BF4B-00C04F79EFBC}") = "SitefinityWebApp", "SitefinityWebApp\SitefinityWebApp.csproj", "{ED6AD45D-7698-4B54-8023-FED2F45056BD}"
EndProject
Project("{FAE04EC0-301F-11D3-BF4B-00C04F79EFBC}") = "SpaceXWidget", "SpaceXWidget\SpaceXWidget.csproj", "{F614FFAD-8875-46E4-B42D-5C7F756EAEF4}"
EndProject
Global
	GlobalSection(SolutionConfigurationPlatforms) = preSolution
		Debug|Any CPU = Debug|Any CPU
		Release|Any CPU = Release|Any CPU
	EndGlobalSection
	GlobalSection(ProjectConfigurationPlatforms) = postSolution
		{ED6AD45D-7698-4B54-8023-FED2F45056BD}.Debug|Any CPU.ActiveCfg = Debug|Any CPU
		{ED6AD45D-7698-4B54-8023-FED2F45056BD}.Debug|Any CPU.Build.0 = Debug|Any CPU
		{ED6AD45D-7698-4B54-8023-FED2F45056BD}.Release|Any CPU.ActiveCfg = Release|Any CPU
		{ED6AD45D-7698-4B54-8023-FED2F45056BD}.Release|Any CPU.Build.0 = Release|Any CPU
		{F614FFAD-8875-46E4-B42D-5C7F756EAEF4}.Debug|Any CPU.ActiveCfg = Debug|Any CPU
		{F614FFAD-8875-46E4-B42D-5C7F756EAEF4}.Debug|Any CPU.Build.0 = Debug|Any CPU
		{F614FFAD-8875-46E4-B42D-5C7F756EAEF4}.Release|Any CPU.ActiveCfg = Release|Any CPU
		{F614FFAD-8875-46E4-B42D-5C7F756EAEF4}.Release|Any CPU.Build.0 = Release|Any CPU
	EndGlobalSection
	GlobalSection(SolutionProperties) = preSolution
		HideSolutionNode = FALSE
	EndGlobalSection
	GlobalSection(ExtensibilityGlobals) = postSolution
		SolutionGuid = {2A0A8045-497B-47E6-BFBA-ED0B39625BCF}
	EndGlobalSection
EndGlobal
